# This file was autogenerated by Stack.
# You should not edit this file by hand.
# For more information, please see the documentation at:
#   https://docs.haskellstack.org/en/stable/lock_files

packages: []
snapshots:
- completed:
    size: 510589
    url: https://raw.githubusercontent.com/commercialhaskell/stackage-snapshots/master/nightly/2019/5/27.yaml
    sha256: d5bbdb45d226e506e78110ed825cc503a138320371f362058d91ead5e8eca2b0
  original: nightly-2019-05-27
